{
  "name": "idea-card-wall",
  "version": "1.0.0",
  "lockfileVersion": 3,
  "requires": true,
  "packages": {
    "": {
      "name": "idea-card-wall",
      "version": "1.0.0",
      "license": "ISC",
      "dependencies": {
        "ogl": "^1.0.8"
      }
    },
    "node_modules/ogl": {
      "version": "1.0.8",
      "resolved": "https://registry.npmmirror.com/ogl/-/ogl-1.0.8.tgz",
      "integrity": "sha512-3LOqryx4qtWuQQT9QQL8yjGBNdqlonJeOwNY4+TwkrQhENYKegKt9pdWba3LzPSlGUWFTfeUDQoL9tSHMtKq3Q==",
      "license": "Unlicense"
    }
  }
}
